
Microsoft Visual Studio Solution File, Format Version 12.00
# Visual Studio Version 17
VisualStudioVersion = 17.11.35312.102
MinimumVisualStudioVersion = 10.0.40219.1
Project("{8BC9CEB8-8B4A-11D0-8D11-00A0C91BC942}") = "Polynomial calculator", "Polynomial calculator\Polynomial calculator.vcxproj", "{FEA823E5-5828-4141-BAE4-0F0A2571FEBE}"
EndProject
Global
	GlobalSection(SolutionConfigurationPlatforms) = preSolution
		Debug|x64 = Debug|x64
		Debug|x86 = Debug|x86
		Release|x64 = Release|x64
		Release|x86 = Release|x86
	EndGlobalSection
	GlobalSection(ProjectConfigurationPlatforms) = postSolution
		{FEA823E5-5828-4141-BAE4-0F0A2571FEBE}.Debug|x64.ActiveCfg = Debug|x64
		{FEA823E5-5828-4141-BAE4-0F0A2571FEBE}.Debug|x64.Build.0 = Debug|x64
		{FEA823E5-5828-4141-BAE4-0F0A2571FEBE}.Debug|x86.ActiveCfg = Debug|Win32
		{FEA823E5-5828-4141-BAE4-0F0A2571FEBE}.Debug|x86.Build.0 = Debug|Win32
		{FEA823E5-5828-4141-BAE4-0F0A2571FEBE}.Release|x64.ActiveCfg = Release|x64
		{FEA823E5-5828-4141-BAE4-0F0A2571FEBE}.Release|x64.Build.0 = Release|x64
		{FEA823E5-5828-4141-BAE4-0F0A2571FEBE}.Release|x86.ActiveCfg = Release|Win32
		{FEA823E5-5828-4141-BAE4-0F0A2571FEBE}.Release|x86.Build.0 = Release|Win32
	EndGlobalSection
	GlobalSection(SolutionProperties) = preSolution
		HideSolutionNode = FALSE
	EndGlobalSection
	GlobalSection(ExtensibilityGlobals) = postSolution
		SolutionGuid = {C25C0DD7-8744-42FC-B365-67986A9CB8DC}
	EndGlobalSection
EndGlobal
